
Microsoft Visual Studio Solution File, Format Version 12.00
# Visual Studio Version 16
VisualStudioVersion = 16.0.32126.315
MinimumVisualStudioVersion = 10.0.40219.1
Project("{F184B08F-C81C-45F6-A57F-5ABD9991F28F}") = "Cad_User_Foto", "Cad_User_Foto.vbproj", "{E531966F-2398-491F-9AEF-4587AB5C360D}"
EndProject
Global
	GlobalSection(SolutionConfigurationPlatforms) = preSolution
		Debug|Any CPU = Debug|Any CPU
		Release|Any CPU = Release|Any CPU
	EndGlobalSection
	GlobalSection(ProjectConfigurationPlatforms) = postSolution
		{E531966F-2398-491F-9AEF-4587AB5C360D}.Debug|Any CPU.ActiveCfg = Debug|Any CPU
		{E531966F-2398-491F-9AEF-4587AB5C360D}.Debug|Any CPU.Build.0 = Debug|Any CPU
		{E531966F-2398-491F-9AEF-4587AB5C360D}.Release|Any CPU.ActiveCfg = Release|Any CPU
		{E531966F-2398-491F-9AEF-4587AB5C360D}.Release|Any CPU.Build.0 = Release|Any CPU
	EndGlobalSection
	GlobalSection(SolutionProperties) = preSolution
		HideSolutionNode = FALSE
	EndGlobalSection
	GlobalSection(ExtensibilityGlobals) = postSolution
		SolutionGuid = {EB78F0AF-7D55-445F-B655-B7925B7772FF}
	EndGlobalSection
EndGlobal
